
Microsoft Visual Studio Solution File, Format Version 12.00
# Visual Studio Version 16
VisualStudioVersion = 16.0.30907.101
MinimumVisualStudioVersion = 10.0.40219.1
Project("{9A19103F-16F7-4668-BE54-9A1E7A4F7556}") = "Teste", "Teste\Teste.csproj", "{8D80A220-3AC3-4B7C-BDAE-AE64308C9144}"
EndProject
Project("{9A19103F-16F7-4668-BE54-9A1E7A4F7556}") = "CsvEngine", "CsvEngine\CsvEngine.csproj", "{3B38F2F8-FD8E-49B2-AA30-B78B8735B39A}"
EndProject
Global
	GlobalSection(SolutionConfigurationPlatforms) = preSolution
		Debug|Any CPU = Debug|Any CPU
		Release|Any CPU = Release|Any CPU
	EndGlobalSection
	GlobalSection(ProjectConfigurationPlatforms) = postSolution
		{8D80A220-3AC3-4B7C-BDAE-AE64308C9144}.Debug|Any CPU.ActiveCfg = Debug|Any CPU
		{8D80A220-3AC3-4B7C-BDAE-AE64308C9144}.Debug|Any CPU.Build.0 = Debug|Any CPU
		{8D80A220-3AC3-4B7C-BDAE-AE64308C9144}.Release|Any CPU.ActiveCfg = Release|Any CPU
		{8D80A220-3AC3-4B7C-BDAE-AE64308C9144}.Release|Any CPU.Build.0 = Release|Any CPU
		{3B38F2F8-FD8E-49B2-AA30-B78B8735B39A}.Debug|Any CPU.ActiveCfg = Debug|Any CPU
		{3B38F2F8-FD8E-49B2-AA30-B78B8735B39A}.Debug|Any CPU.Build.0 = Debug|Any CPU
		{3B38F2F8-FD8E-49B2-AA30-B78B8735B39A}.Release|Any CPU.ActiveCfg = Release|Any CPU
		{3B38F2F8-FD8E-49B2-AA30-B78B8735B39A}.Release|Any CPU.Build.0 = Release|Any CPU
	EndGlobalSection
	GlobalSection(SolutionProperties) = preSolution
		HideSolutionNode = FALSE
	EndGlobalSection
	GlobalSection(ExtensibilityGlobals) = postSolution
		SolutionGuid = {4F56AE2E-D249-46E2-8219-65B05F20A404}
	EndGlobalSection
EndGlobal
